github.com/golang-jwt/jwt/v5 v5.3.1 h1:kYf81DTWFe7t+1VvL7eS+jKFVWaUnK9cB1qbwn63YCY=
github.com/golang-jwt/jwt/v5 v5.3.1/go.mod h1:fxCRLWMO43lRc8nhHWY6LGqRcf+1gQWArsqaEUEa5bE=
github.com/wso2/api-platform/sdk/core v0.4.1 h1:7YH8NKUBvcD5H0NncTLke1HHdZImu8MrqI5JfxSr7eY=
github.com/wso2/api-platform/sdk/core v0.4.1/go.mod h1:TgjpOk3QBPc7xEQC+NctWcNq5dSPBkn7wSKh+hULTj8=
github.com/wso2/gateway-controllers/policies/jwt-auth v1.3.0 h1:Hc1Sn+vdSB0R3zjUglr0ZVN6BO8eEELXtmeBmYlnhHY=
github.com/wso2/gateway-controllers/policies/jwt-auth v1.3.0/go.mod h1:QF3OggJlW5TnKAYQHfIfBkZ49Ai5e6P7ONnmFdLtbNI=
